
Microsoft Visual Studio Solution File, Format Version 12.00
# Visual Studio 2012
Project("{FAE04EC0-301F-11D3-BF4B-00C04F79EFBC}") = "Problem 3", "Problem 3\Problem 3.csproj", "{59EA0D27-4335-46D8-A226-10FA40631913}"
EndProject
Global
	GlobalSection(SolutionConfigurationPlatforms) = preSolution
		Debug|Any CPU = Debug|Any CPU
		Release|Any CPU = Release|Any CPU
	EndGlobalSection
	GlobalSection(ProjectConfigurationPlatforms) = postSolution
		{59EA0D27-4335-46D8-A226-10FA40631913}.Debug|Any CPU.ActiveCfg = Debug|Any CPU
		{59EA0D27-4335-46D8-A226-10FA40631913}.Debug|Any CPU.Build.0 = Debug|Any CPU
		{59EA0D27-4335-46D8-A226-10FA40631913}.Release|Any CPU.ActiveCfg = Release|Any CPU
		{59EA0D27-4335-46D8-A226-10FA40631913}.Release|Any CPU.Build.0 = Release|Any CPU
	EndGlobalSection
	GlobalSection(SolutionProperties) = preSolution
		HideSolutionNode = FALSE
	EndGlobalSection
EndGlobal
